
Microsoft Visual Studio Solution File, Format Version 12.00
# Visual Studio 15
VisualStudioVersion = 15.0.28307.168
MinimumVisualStudioVersion = 10.0.40219.1
Project("{FAE04EC0-301F-11D3-BF4B-00C04F79EFBC}") = "Updater Manager Library", "Updater Manager Library\Updater Manager Library.csproj", "{E6EB5FCA-0778-4914-A0BE-8D2397132528}"
	ProjectSection(ProjectDependencies) = postProject
		{AF06A79A-F84E-43B9-A591-F8ADE5526F55} = {AF06A79A-F84E-43B9-A591-F8ADE5526F55}
	EndProjectSection
EndProject
Project("{FAE04EC0-301F-11D3-BF4B-00C04F79EFBC}") = "Updater Manager", "Updater Manager\Updater Manager.csproj", "{AF06A79A-F84E-43B9-A591-F8ADE5526F55}"
EndProject
Project("{FAE04EC0-301F-11D3-BF4B-00C04F79EFBC}") = "Sample", "Sample\Sample.csproj", "{084F96BE-2F22-4D42-9B91-93E779D170B3}"
EndProject
Project("{FAE04EC0-301F-11D3-BF4B-00C04F79EFBC}") = "Custom Control Collection", "Custom Control Collection\Custom Control Collection\Custom Control Collection.csproj", "{A0ECE02E-31D0-4E8B-A355-BFE61DF97CAE}"
EndProject
Global
	GlobalSection(SolutionConfigurationPlatforms) = preSolution
		Debug|Any CPU = Debug|Any CPU
		Release|Any CPU = Release|Any CPU
	EndGlobalSection
	GlobalSection(ProjectConfigurationPlatforms) = postSolution
		{E6EB5FCA-0778-4914-A0BE-8D2397132528}.Debug|Any CPU.ActiveCfg = Debug|Any CPU
		{E6EB5FCA-0778-4914-A0BE-8D2397132528}.Debug|Any CPU.Build.0 = Debug|Any CPU
		{E6EB5FCA-0778-4914-A0BE-8D2397132528}.Release|Any CPU.ActiveCfg = Release|Any CPU
		{E6EB5FCA-0778-4914-A0BE-8D2397132528}.Release|Any CPU.Build.0 = Release|Any CPU
		{AF06A79A-F84E-43B9-A591-F8ADE5526F55}.Debug|Any CPU.ActiveCfg = Debug|Any CPU
		{AF06A79A-F84E-43B9-A591-F8ADE5526F55}.Debug|Any CPU.Build.0 = Debug|Any CPU
		{AF06A79A-F84E-43B9-A591-F8ADE5526F55}.Release|Any CPU.ActiveCfg = Release|Any CPU
		{AF06A79A-F84E-43B9-A591-F8ADE5526F55}.Release|Any CPU.Build.0 = Release|Any CPU
		{084F96BE-2F22-4D42-9B91-93E779D170B3}.Debug|Any CPU.ActiveCfg = Debug|Any CPU
		{084F96BE-2F22-4D42-9B91-93E779D170B3}.Debug|Any CPU.Build.0 = Debug|Any CPU
		{084F96BE-2F22-4D42-9B91-93E779D170B3}.Release|Any CPU.ActiveCfg = Release|Any CPU
		{084F96BE-2F22-4D42-9B91-93E779D170B3}.Release|Any CPU.Build.0 = Release|Any CPU
		{A0ECE02E-31D0-4E8B-A355-BFE61DF97CAE}.Debug|Any CPU.ActiveCfg = Debug|Any CPU
		{A0ECE02E-31D0-4E8B-A355-BFE61DF97CAE}.Debug|Any CPU.Build.0 = Debug|Any CPU
		{A0ECE02E-31D0-4E8B-A355-BFE61DF97CAE}.Release|Any CPU.ActiveCfg = Release|Any CPU
		{A0ECE02E-31D0-4E8B-A355-BFE61DF97CAE}.Release|Any CPU.Build.0 = Release|Any CPU
	EndGlobalSection
	GlobalSection(SolutionProperties) = preSolution
		HideSolutionNode = FALSE
	EndGlobalSection
	GlobalSection(ExtensibilityGlobals) = postSolution
		SolutionGuid = {A1302E6A-F89C-4F61-AC1C-F15E9B08AAA3}
	EndGlobalSection
EndGlobal
